
Microsoft Visual Studio Solution File, Format Version 12.00
# Visual Studio Version 17
VisualStudioVersion = 17.10.35122.118
MinimumVisualStudioVersion = 10.0.40219.1
Project("{8BC9CEB8-8B4A-11D0-8D11-00A0C91BC942}") = "字符串函数", "字符串函数.vcxproj", "{55102F0D-F9CF-4F59-BE4B-58E78C81EBFB}"
EndProject
Global
	GlobalSection(SolutionConfigurationPlatforms) = preSolution
		Debug|x64 = Debug|x64
		Debug|x86 = Debug|x86
		Release|x64 = Release|x64
		Release|x86 = Release|x86
	EndGlobalSection
	GlobalSection(ProjectConfigurationPlatforms) = postSolution
		{55102F0D-F9CF-4F59-BE4B-58E78C81EBFB}.Debug|x64.ActiveCfg = Debug|x64
		{55102F0D-F9CF-4F59-BE4B-58E78C81EBFB}.Debug|x64.Build.0 = Debug|x64
		{55102F0D-F9CF-4F59-BE4B-58E78C81EBFB}.Debug|x86.ActiveCfg = Debug|Win32
		{55102F0D-F9CF-4F59-BE4B-58E78C81EBFB}.Debug|x86.Build.0 = Debug|Win32
		{55102F0D-F9CF-4F59-BE4B-58E78C81EBFB}.Release|x64.ActiveCfg = Release|x64
		{55102F0D-F9CF-4F59-BE4B-58E78C81EBFB}.Release|x64.Build.0 = Release|x64
		{55102F0D-F9CF-4F59-BE4B-58E78C81EBFB}.Release|x86.ActiveCfg = Release|Win32
		{55102F0D-F9CF-4F59-BE4B-58E78C81EBFB}.Release|x86.Build.0 = Release|Win32
	EndGlobalSection
	GlobalSection(SolutionProperties) = preSolution
		HideSolutionNode = FALSE
	EndGlobalSection
	GlobalSection(ExtensibilityGlobals) = postSolution
		SolutionGuid = {61923489-B2E5-479D-BCA3-7C10D4584D8E}
	EndGlobalSection
EndGlobal
